// !$*UTF8*$!
{
	archiveVersion = 1;
	classes = {
	};
	objectVersion = 46;
	objects = {

/* Begin PBXBuildFile section */
		84048BFC1D4358D100C3CE03 /* Page1Cell1TableViewCell.swift in Sources */ = {isa = PBXBuildFile; fileRef = 84048BFB1D4358D100C3CE03 /* Page1Cell1TableViewCell.swift */; };
		84048BFE1D4358DD00C3CE03 /* Page1Cell1CollectionViewCell.swift in Sources */ = {isa = PBXBuildFile; fileRef = 84048BFD1D4358DD00C3CE03 /* Page1Cell1CollectionViewCell.swift */; };
		84048C001D4358E800C3CE03 /* Page1Cell2TableViewCell.swift in Sources */ = {isa = PBXBuildFile; fileRef = 84048BFF1D4358E800C3CE03 /* Page1Cell2TableViewCell.swift */; };
		84048C021D4358F900C3CE03 /* Page1Cell2CollectionViewCell.swift in Sources */ = {isa = PBXBuildFile; fileRef = 84048C011D4358F900C3CE03 /* Page1Cell2CollectionViewCell.swift */; };
		841A20F11D3CC07C001F437B /* PageDetailCell2Cell0TableViewCell.swift in Sources */ = {isa = PBXBuildFile; fileRef = 841A20F01D3CC07C001F437B /* PageDetailCell2Cell0TableViewCell.swift */; };
		841A20F31D3CC3A9001F437B /* PageDetailCell3Cell0TableViewCell.swift in Sources */ = {isa = PBXBuildFile; fileRef = 841A20F21D3CC3A9001F437B /* PageDetailCell3Cell0TableViewCell.swift */; };
		841A20F51D3CD71B001F437B /* ellipsis.png in Resources */ = {isa = PBXBuildFile; fileRef = 841A20F41D3CD71B001F437B /* ellipsis.png */; };
		841A20F71D3CD962001F437B /* PageOptionViewController.swift in Sources */ = {isa = PBXBuildFile; fileRef = 841A20F61D3CD962001F437B /* PageOptionViewController.swift */; };
		841A20F91D3CDBBB001F437B /* PageOptionCell0TableViewCell.swift in Sources */ = {isa = PBXBuildFile; fileRef = 841A20F81D3CDBBB001F437B /* PageOptionCell0TableViewCell.swift */; };
		841A20FB1D3CDCD8001F437B /* PageOptionColorViewController.swift in Sources */ = {isa = PBXBuildFile; fileRef = 841A20FA1D3CDCD8001F437B /* PageOptionColorViewController.swift */; };
		845A29821D41C9AD00E0A355 /* SortProductViewController.swift in Sources */ = {isa = PBXBuildFile; fileRef = 845A29811D41C9AD00E0A355 /* SortProductViewController.swift */; };
		845A29851D41D11100E0A355 /* PageRatingViewController.swift in Sources */ = {isa = PBXBuildFile; fileRef = 845A29841D41D11100E0A355 /* PageRatingViewController.swift */; };
		845A29881D41D2C500E0A355 /* PageCategoryViewController.swift in Sources */ = {isa = PBXBuildFile; fileRef = 845A29871D41D2C500E0A355 /* PageCategoryViewController.swift */; };
		845A298B1D41D33E00E0A355 /* PageSubCategoryViewController.swift in Sources */ = {isa = PBXBuildFile; fileRef = 845A298A1D41D33E00E0A355 /* PageSubCategoryViewController.swift */; };
		845A298E1D41D5EA00E0A355 /* star.png in Resources */ = {isa = PBXBuildFile; fileRef = 845A298D1D41D5EA00E0A355 /* star.png */; };
		845A29B21D42178F00E0A355 /* ProductsGridFlowLayout.swift in Sources */ = {isa = PBXBuildFile; fileRef = 845A29B11D42178F00E0A355 /* ProductsGridFlowLayout.swift */; };
		845A29B41D42179A00E0A355 /* ProductsListFlowLayout.swift in Sources */ = {isa = PBXBuildFile; fileRef = 845A29B31D42179A00E0A355 /* ProductsListFlowLayout.swift */; };
		846758F61D3C853900EBEE50 /* AppDelegate.swift in Sources */ = {isa = PBXBuildFile; fileRef = 846758F51D3C853900EBEE50 /* AppDelegate.swift */; };
		846758F81D3C853900EBEE50 /* ViewController.swift in Sources */ = {isa = PBXBuildFile; fileRef = 846758F71D3C853900EBEE50 /* ViewController.swift */; };
		846758FB1D3C853900EBEE50 /* Main.storyboard in Resources */ = {isa = PBXBuildFile; fileRef = 846758F91D3C853900EBEE50 /* Main.storyboard */; };
		846758FD1D3C853900EBEE50 /* Assets.xcassets in Resources */ = {isa = PBXBuildFile; fileRef = 846758FC1D3C853900EBEE50 /* Assets.xcassets */; };
		846759001D3C853900EBEE50 /* LaunchScreen.storyboard in Resources */ = {isa = PBXBuildFile; fileRef = 846758FE1D3C853900EBEE50 /* LaunchScreen.storyboard */; };
		846759081D3C857400EBEE50 /* Podfile in Resources */ = {isa = PBXBuildFile; fileRef = 846759071D3C857400EBEE50 /* Podfile */; };
		8467590E1D3C891400EBEE50 /* Page1Cell0CollectionViewCell.swift in Sources */ = {isa = PBXBuildFile; fileRef = 8467590D1D3C891400EBEE50 /* Page1Cell0CollectionViewCell.swift */; };
		846759101D3C891E00EBEE50 /* Page1Cell0TableViewCell.swift in Sources */ = {isa = PBXBuildFile; fileRef = 8467590F1D3C891E00EBEE50 /* Page1Cell0TableViewCell.swift */; };
		846759121D3C89C500EBEE50 /* DummyData.swift in Sources */ = {isa = PBXBuildFile; fileRef = 846759111D3C89C500EBEE50 /* DummyData.swift */; };
		846759151D3C8B5F00EBEE50 /* PageDetailViewController.swift in Sources */ = {isa = PBXBuildFile; fileRef = 846759141D3C8B5F00EBEE50 /* PageDetailViewController.swift */; };
		846759171D3C8C6F00EBEE50 /* star0.png in Resources */ = {isa = PBXBuildFile; fileRef = 846759161D3C8C6F00EBEE50 /* star0.png */; };
		846759191D3C8D0F00EBEE50 /* PageDetailCell0TableViewCell.swift in Sources */ = {isa = PBXBuildFile; fileRef = 846759181D3C8D0F00EBEE50 /* PageDetailCell0TableViewCell.swift */; };
		8467591B1D3C8E5600EBEE50 /* PageDetailCell1TableViewCell.swift in Sources */ = {isa = PBXBuildFile; fileRef = 8467591A1D3C8E5600EBEE50 /* PageDetailCell1TableViewCell.swift */; };
		8467591D1D3C932000EBEE50 /* PageDetailCell2TableViewCell.swift in Sources */ = {isa = PBXBuildFile; fileRef = 8467591C1D3C932000EBEE50 /* PageDetailCell2TableViewCell.swift */; };
		8467591F1D3C943600EBEE50 /* PageDetailCell3TableViewCell.swift in Sources */ = {isa = PBXBuildFile; fileRef = 8467591E1D3C943600EBEE50 /* PageDetailCell3TableViewCell.swift */; };
		846759211D3C952000EBEE50 /* PageDetailCell4TableViewCell.swift in Sources */ = {isa = PBXBuildFile; fileRef = 846759201D3C952000EBEE50 /* PageDetailCell4TableViewCell.swift */; };
		846759231D3C962F00EBEE50 /* PageDetailCell4CollectionViewCell.swift in Sources */ = {isa = PBXBuildFile; fileRef = 846759221D3C962F00EBEE50 /* PageDetailCell4CollectionViewCell.swift */; };
		846759251D3C988600EBEE50 /* PageDetailCell5TableViewCell.swift in Sources */ = {isa = PBXBuildFile; fileRef = 846759241D3C988600EBEE50 /* PageDetailCell5TableViewCell.swift */; };
		846759271D3C9B5700EBEE50 /* PageDetailCell6TableViewCell.swift in Sources */ = {isa = PBXBuildFile; fileRef = 846759261D3C9B5700EBEE50 /* PageDetailCell6TableViewCell.swift */; };
		846759291D3C9B6600EBEE50 /* PageDetailCell6CollectionViewCell.swift in Sources */ = {isa = PBXBuildFile; fileRef = 846759281D3C9B6600EBEE50 /* PageDetailCell6CollectionViewCell.swift */; };
		846EC6C21D3F2C0300762E83 /* PageWebViewViewController.swift in Sources */ = {isa = PBXBuildFile; fileRef = 846EC6C11D3F2C0300762E83 /* PageWebViewViewController.swift */; };
		846EC6C51D3F2EF000762E83 /* PageReviewViewController.swift in Sources */ = {isa = PBXBuildFile; fileRef = 846EC6C41D3F2EF000762E83 /* PageReviewViewController.swift */; };
		846EC6C71D3F306000762E83 /* PageReviewCell0TableViewCell.swift in Sources */ = {isa = PBXBuildFile; fileRef = 846EC6C61D3F306000762E83 /* PageReviewCell0TableViewCell.swift */; };
		846EC6CA1D3F41AB00762E83 /* PageWriteReviewViewController.swift in Sources */ = {isa = PBXBuildFile; fileRef = 846EC6C91D3F41AB00762E83 /* PageWriteReviewViewController.swift */; };
		846EC6CC1D3F41C200762E83 /* PageWriteReviewCell0TableViewCell.swift in Sources */ = {isa = PBXBuildFile; fileRef = 846EC6CB1D3F41C200762E83 /* PageWriteReviewCell0TableViewCell.swift */; };
		846EC6CE1D3F440200762E83 /* emptyStar.png in Resources */ = {isa = PBXBuildFile; fileRef = 846EC6CD1D3F440200762E83 /* emptyStar.png */; };
		846EC6D01D3F440900762E83 /* filledStar.png in Resources */ = {isa = PBXBuildFile; fileRef = 846EC6CF1D3F440900762E83 /* filledStar.png */; };
		846EC6D31D3F4B6F00762E83 /* PageProductAllViewController.swift in Sources */ = {isa = PBXBuildFile; fileRef = 846EC6D21D3F4B6F00762E83 /* PageProductAllViewController.swift */; };
		846EC6D61D3F7BAB00762E83 /* PageFilterProductViewController.swift in Sources */ = {isa = PBXBuildFile; fileRef = 846EC6D51D3F7BAB00762E83 /* PageFilterProductViewController.swift */; };
		846EC6D91D3F7CEE00762E83 /* PageProductAllCell0CollectionViewCell.swift in Sources */ = {isa = PBXBuildFile; fileRef = 846EC6D81D3F7CEE00762E83 /* PageProductAllCell0CollectionViewCell.swift */; };
		847451E41D509D86003B85C5 /* Page1Category.swift in Sources */ = {isa = PBXBuildFile; fileRef = 847451E31D509D86003B85C5 /* Page1Category.swift */; };
		848065D81D4B0CA400E9A3CD /* Page1Product.swift in Sources */ = {isa = PBXBuildFile; fileRef = 848065D71D4B0CA400E9A3CD /* Page1Product.swift */; };
		8483F58B1D5591F3008640FF /* PageFilterProductCell3TableViewCell.swift in Sources */ = {isa = PBXBuildFile; fileRef = 8483F58A1D5591F3008640FF /* PageFilterProductCell3TableViewCell.swift */; };
		BC82D45D21A5691B7F5D1B62 /* Pods_Page1ProductB1.framework in Frameworks */ = {isa = PBXBuildFile; fileRef = F2C05E1D564D58DCEDF557B5 /* Pods_Page1ProductB1.framework */; };
/* End PBXBuildFile section */

/* Begin PBXFileReference section */
		84048BFB1D4358D100C3CE03 /* Page1Cell1TableViewCell.swift */ = {isa = PBXFileReference; fileEncoding = 4; lastKnownFileType = sourcecode.swift; path = Page1Cell1TableViewCell.swift; sourceTree = "<group>"; };
		84048BFD1D4358DD00C3CE03 /* Page1Cell1CollectionViewCell.swift */ = {isa = PBXFileReference; fileEncoding = 4; lastKnownFileType = sourcecode.swift; path = Page1Cell1CollectionViewCell.swift; sourceTree = "<group>"; };
		84048BFF1D4358E800C3CE03 /* Page1Cell2TableViewCell.swift */ = {isa = PBXFileReference; fileEncoding = 4; lastKnownFileType = sourcecode.swift; path = Page1Cell2TableViewCell.swift; sourceTree = "<group>"; };
		84048C011D4358F900C3CE03 /* Page1Cell2CollectionViewCell.swift */ = {isa = PBXFileReference; fileEncoding = 4; lastKnownFileType = sourcecode.swift; path = Page1Cell2CollectionViewCell.swift; sourceTree = "<group>"; };
		841A20F01D3CC07C001F437B /* PageDetailCell2Cell0TableViewCell.swift */ = {isa = PBXFileReference; fileEncoding = 4; lastKnownFileType = sourcecode.swift; path = PageDetailCell2Cell0TableViewCell.swift; sourceTree = "<group>"; };
		841A20F21D3CC3A9001F437B /* PageDetailCell3Cell0TableViewCell.swift */ = {isa = PBXFileReference; fileEncoding = 4; lastKnownFileType = sourcecode.swift; path = PageDetailCell3Cell0TableViewCell.swift; sourceTree = "<group>"; };
		841A20F41D3CD71B001F437B /* ellipsis.png */ = {isa = PBXFileReference; lastKnownFileType = image.png; path = ellipsis.png; sourceTree = "<group>"; };
		841A20F61D3CD962001F437B /* PageOptionViewController.swift */ = {isa = PBXFileReference; fileEncoding = 4; lastKnownFileType = sourcecode.swift; path = PageOptionViewController.swift; sourceTree = "<group>"; };
		841A20F81D3CDBBB001F437B /* PageOptionCell0TableViewCell.swift */ = {isa = PBXFileReference; fileEncoding = 4; lastKnownFileType = sourcecode.swift; path = PageOptionCell0TableViewCell.swift; sourceTree = "<group>"; };
		841A20FA1D3CDCD8001F437B /* PageOptionColorViewController.swift */ = {isa = PBXFileReference; fileEncoding = 4; lastKnownFileType = sourcecode.swift; path = PageOptionColorViewController.swift; sourceTree = "<group>"; };
		845A29811D41C9AD00E0A355 /* SortProductViewController.swift */ = {isa = PBXFileReference; fileEncoding = 4; lastKnownFileType = sourcecode.swift; path = SortProductViewController.swift; sourceTree = "<group>"; };
		845A29841D41D11100E0A355 /* PageRatingViewController.swift */ = {isa = PBXFileReference; fileEncoding = 4; lastKnownFileType = sourcecode.swift; path = PageRatingViewController.swift; sourceTree = "<group>"; };
		845A29871D41D2C500E0A355 /* PageCategoryViewController.swift */ = {isa = PBXFileReference; fileEncoding = 4; lastKnownFileType = sourcecode.swift; path = PageCategoryViewController.swift; sourceTree = "<group>"; };
		845A298A1D41D33E00E0A355 /* PageSubCategoryViewController.swift */ = {isa = PBXFileReference; fileEncoding = 4; lastKnownFileType = sourcecode.swift; path = PageSubCategoryViewController.swift; sourceTree = "<group>"; };
		845A298D1D41D5EA00E0A355 /* star.png */ = {isa = PBXFileReference; lastKnownFileType = image.png; path = star.png; sourceTree = "<group>"; };
		845A29B11D42178F00E0A355 /* ProductsGridFlowLayout.swift */ = {isa = PBXFileReference; fileEncoding = 4; lastKnownFileType = sourcecode.swift; path = ProductsGridFlowLayout.swift; sourceTree = "<group>"; };
		845A29B31D42179A00E0A355 /* ProductsListFlowLayout.swift */ = {isa = PBXFileReference; fileEncoding = 4; lastKnownFileType = sourcecode.swift; path = ProductsListFlowLayout.swift; sourceTree = "<group>"; };
		846758F21D3C853900EBEE50 /* Page1ProductB1.app */ = {isa = PBXFileReference; explicitFileType = wrapper.application; includeInIndex = 0; path = Page1ProductB1.app; sourceTree = BUILT_PRODUCTS_DIR; };
		846758F51D3C853900EBEE50 /* AppDelegate.swift */ = {isa = PBXFileReference; lastKnownFileType = sourcecode.swift; path = AppDelegate.swift; sourceTree = "<group>"; };
		846758F71D3C853900EBEE50 /* ViewController.swift */ = {isa = PBXFileReference; lastKnownFileType = sourcecode.swift; path = ViewController.swift; sourceTree = "<group>"; };
		846758FA1D3C853900EBEE50 /* Base */ = {isa = PBXFileReference; lastKnownFileType = file.storyboard; name = Base; path = Base.lproj/Main.storyboard; sourceTree = "<group>"; };
		846758FC1D3C853900EBEE50 /* Assets.xcassets */ = {isa = PBXFileReference; lastKnownFileType = folder.assetcatalog; path = Assets.xcassets; sourceTree = "<group>"; };
		846758FF1D3C853900EBEE50 /* Base */ = {isa = PBXFileReference; lastKnownFileType = file.storyboard; name = Base; path = Base.lproj/LaunchScreen.storyboard; sourceTree = "<group>"; };
		846759011D3C853900EBEE50 /* Info.plist */ = {isa = PBXFileReference; lastKnownFileType = text.plist.xml; path = Info.plist; sourceTree = "<group>"; };
		846759071D3C857400EBEE50 /* Podfile */ = {isa = PBXFileReference; fileEncoding = 4; lastKnownFileType = text; path = Podfile; sourceTree = "<group>"; xcLanguageSpecificationIdentifier = xcode.lang.ruby; };
		8467590D1D3C891400EBEE50 /* Page1Cell0CollectionViewCell.swift */ = {isa = PBXFileReference; fileEncoding = 4; lastKnownFileType = sourcecode.swift; path = Page1Cell0CollectionViewCell.swift; sourceTree = "<group>"; };
		8467590F1D3C891E00EBEE50 /* Page1Cell0TableViewCell.swift */ = {isa = PBXFileReference; fileEncoding = 4; lastKnownFileType = sourcecode.swift; path = Page1Cell0TableViewCell.swift; sourceTree = "<group>"; };
		846759111D3C89C500EBEE50 /* DummyData.swift */ = {isa = PBXFileReference; fileEncoding = 4; lastKnownFileType = sourcecode.swift; path = DummyData.swift; sourceTree = "<group>"; };
		846759141D3C8B5F00EBEE50 /* PageDetailViewController.swift */ = {isa = PBXFileReference; fileEncoding = 4; lastKnownFileType = sourcecode.swift; path = PageDetailViewController.swift; sourceTree = "<group>"; };
		846759161D3C8C6F00EBEE50 /* star0.png */ = {isa = PBXFileReference; lastKnownFileType = image.png; path = star0.png; sourceTree = "<group>"; };
		846759181D3C8D0F00EBEE50 /* PageDetailCell0TableViewCell.swift */ = {isa = PBXFileReference; fileEncoding = 4; lastKnownFileType = sourcecode.swift; path = PageDetailCell0TableViewCell.swift; sourceTree = "<group>"; };
		8467591A1D3C8E5600EBEE50 /* PageDetailCell1TableViewCell.swift */ = {isa = PBXFileReference; fileEncoding = 4; lastKnownFileType = sourcecode.swift; path = PageDetailCell1TableViewCell.swift; sourceTree = "<group>"; };
		8467591C1D3C932000EBEE50 /* PageDetailCell2TableViewCell.swift */ = {isa = PBXFileReference; fileEncoding = 4; lastKnownFileType = sourcecode.swift; path = PageDetailCell2TableViewCell.swift; sourceTree = "<group>"; };
		8467591E1D3C943600EBEE50 /* PageDetailCell3TableViewCell.swift */ = {isa = PBXFileReference; fileEncoding = 4; lastKnownFileType = sourcecode.swift; path = PageDetailCell3TableViewCell.swift; sourceTree = "<group>"; };
		846759201D3C952000EBEE50 /* PageDetailCell4TableViewCell.swift */ = {isa = PBXFileReference; fileEncoding = 4; lastKnownFileType = sourcecode.swift; path = PageDetailCell4TableViewCell.swift; sourceTree = "<group>"; };
		846759221D3C962F00EBEE50 /* PageDetailCell4CollectionViewCell.swift */ = {isa = PBXFileReference; fileEncoding = 4; lastKnownFileType = sourcecode.swift; path = PageDetailCell4CollectionViewCell.swift; sourceTree = "<group>"; };
		846759241D3C988600EBEE50 /* PageDetailCell5TableViewCell.swift */ = {isa = PBXFileReference; fileEncoding = 4; lastKnownFileType = sourcecode.swift; path = PageDetailCell5TableViewCell.swift; sourceTree = "<group>"; };
		846759261D3C9B5700EBEE50 /* PageDetailCell6TableViewCell.swift */ = {isa = PBXFileReference; fileEncoding = 4; lastKnownFileType = sourcecode.swift; path = PageDetailCell6TableViewCell.swift; sourceTree = "<group>"; };
		846759281D3C9B6600EBEE50 /* PageDetailCell6CollectionViewCell.swift */ = {isa = PBXFileReference; fileEncoding = 4; lastKnownFileType = sourcecode.swift; path = PageDetailCell6CollectionViewCell.swift; sourceTree = "<group>"; };
		846EC6C11D3F2C0300762E83 /* PageWebViewViewController.swift */ = {isa = PBXFileReference; fileEncoding = 4; lastKnownFileType = sourcecode.swift; path = PageWebViewViewController.swift; sourceTree = "<group>"; };
		846EC6C41D3F2EF000762E83 /* PageReviewViewController.swift */ = {isa = PBXFileReference; fileEncoding = 4; lastKnownFileType = sourcecode.swift; path = PageReviewViewController.swift; sourceTree = "<group>"; };
		846EC6C61D3F306000762E83 /* PageReviewCell0TableViewCell.swift */ = {isa = PBXFileReference; fileEncoding = 4; lastKnownFileType = sourcecode.swift; path = PageReviewCell0TableViewCell.swift; sourceTree = "<group>"; };
		846EC6C91D3F41AB00762E83 /* PageWriteReviewViewController.swift */ = {isa = PBXFileReference; fileEncoding = 4; lastKnownFileType = sourcecode.swift; path = PageWriteReviewViewController.swift; sourceTree = "<group>"; };
		846EC6CB1D3F41C200762E83 /* PageWriteReviewCell0TableViewCell.swift */ = {isa = PBXFileReference; fileEncoding = 4; lastKnownFileType = sourcecode.swift; path = PageWriteReviewCell0TableViewCell.swift; sourceTree = "<group>"; };
		846EC6CD1D3F440200762E83 /* emptyStar.png */ = {isa = PBXFileReference; lastKnownFileType = image.png; path = emptyStar.png; sourceTree = "<group>"; };
		846EC6CF1D3F440900762E83 /* filledStar.png */ = {isa = PBXFileReference; lastKnownFileType = image.png; path = filledStar.png; sourceTree = "<group>"; };
		846EC6D21D3F4B6F00762E83 /* PageProductAllViewController.swift */ = {isa = PBXFileReference; fileEncoding = 4; lastKnownFileType = sourcecode.swift; path = PageProductAllViewController.swift; sourceTree = "<group>"; };
		846EC6D51D3F7BAB00762E83 /* PageFilterProductViewController.swift */ = {isa = PBXFileReference; fileEncoding = 4; lastKnownFileType = sourcecode.swift; path = PageFilterProductViewController.swift; sourceTree = "<group>"; };
		846EC6D81D3F7CEE00762E83 /* PageProductAllCell0CollectionViewCell.swift */ = {isa = PBXFileReference; fileEncoding = 4; lastKnownFileType = sourcecode.swift; path = PageProductAllCell0CollectionViewCell.swift; sourceTree = "<group>"; };
		847451E31D509D86003B85C5 /* Page1Category.swift */ = {isa = PBXFileReference; fileEncoding = 4; lastKnownFileType = sourcecode.swift; path = Page1Category.swift; sourceTree = "<group>"; };
		848065D71D4B0CA400E9A3CD /* Page1Product.swift */ = {isa = PBXFileReference; fileEncoding = 4; lastKnownFileType = sourcecode.swift; path = Page1Product.swift; sourceTree = "<group>"; };
		8483F58A1D5591F3008640FF /* PageFilterProductCell3TableViewCell.swift */ = {isa = PBXFileReference; fileEncoding = 4; lastKnownFileType = sourcecode.swift; path = PageFilterProductCell3TableViewCell.swift; sourceTree = "<group>"; };
		AB848B3ACF1C0622EB47C137 /* Pods-Page1ProductB1.debug.xcconfig */ = {isa = PBXFileReference; includeInIndex = 1; lastKnownFileType = text.xcconfig; name = "Pods-Page1ProductB1.debug.xcconfig"; path = "Pods/Target Support Files/Pods-Page1ProductB1/Pods-Page1ProductB1.debug.xcconfig"; sourceTree = "<group>"; };
		B5095C7BA4C653AB59B6DC02 /* Pods-Page1ProductB1.release.xcconfig */ = {isa = PBXFileReference; includeInIndex = 1; lastKnownFileType = text.xcconfig; name = "Pods-Page1ProductB1.release.xcconfig"; path = "Pods/Target Support Files/Pods-Page1ProductB1/Pods-Page1ProductB1.release.xcconfig"; sourceTree = "<group>"; };
		F2C05E1D564D58DCEDF557B5 /* Pods_Page1ProductB1.framework */ = {isa = PBXFileReference; explicitFileType = wrapper.framework; includeInIndex = 0; path = Pods_Page1ProductB1.framework; sourceTree = BUILT_PRODUCTS_DIR; };
/* End PBXFileReference section */

/* Begin PBXFrameworksBuildPhase section */
		846758EF1D3C853900EBEE50 /* Frameworks */ = {
			isa = PBXFrameworksBuildPhase;
			buildActionMask = 2147483647;
			files = (
				BC82D45D21A5691B7F5D1B62 /* Pods_Page1ProductB1.framework in Frameworks */,
			);
			runOnlyForDeploymentPostprocessing = 0;
		};
/* End PBXFrameworksBuildPhase section */

/* Begin PBXGroup section */
		841A20E61D3CBC51001F437B /* Cell6 */ = {
			isa = PBXGroup;
			children = (
				846759281D3C9B6600EBEE50 /* PageDetailCell6CollectionViewCell.swift */,
				846759261D3C9B5700EBEE50 /* PageDetailCell6TableViewCell.swift */,
			);
			name = Cell6;
			sourceTree = "<group>";
		};
		841A20E71D3CBC5A001F437B /* Cell5 */ = {
			isa = PBXGroup;
			children = (
				846759241D3C988600EBEE50 /* PageDetailCell5TableViewCell.swift */,
			);
			name = Cell5;
			sourceTree = "<group>";
		};
		841A20E91D3CBC8C001F437B /* Cell4 */ = {
			isa = PBXGroup;
			children = (
				846759221D3C962F00EBEE50 /* PageDetailCell4CollectionViewCell.swift */,
				846759201D3C952000EBEE50 /* PageDetailCell4TableViewCell.swift */,
			);
			name = Cell4;
			sourceTree = "<group>";
		};
		841A20EA1D3CBC9C001F437B /* Cell3 */ = {
			isa = PBXGroup;
			children = (
				8467591E1D3C943600EBEE50 /* PageDetailCell3TableViewCell.swift */,
				841A20F21D3CC3A9001F437B /* PageDetailCell3Cell0TableViewCell.swift */,
			);
			name = Cell3;
			sourceTree = "<group>";
		};
		841A20EB1D3CBCA3001F437B /* Cell2 */ = {
			isa = PBXGroup;
			children = (
				8467591C1D3C932000EBEE50 /* PageDetailCell2TableViewCell.swift */,
				841A20F01D3CC07C001F437B /* PageDetailCell2Cell0TableViewCell.swift */,
			);
			name = Cell2;
			sourceTree = "<group>";
		};
		841A20EC1D3CBCAE001F437B /* Cell1 */ = {
			isa = PBXGroup;
			children = (
				8467591A1D3C8E5600EBEE50 /* PageDetailCell1TableViewCell.swift */,
			);
			name = Cell1;
			sourceTree = "<group>";
		};
		841A20ED1D3CBCB5001F437B /* Cell0 */ = {
			isa = PBXGroup;
			children = (
				846759181D3C8D0F00EBEE50 /* PageDetailCell0TableViewCell.swift */,
			);
			name = Cell0;
			sourceTree = "<group>";
		};
		845A29831D41D0ED00E0A355 /* PageSort */ = {
			isa = PBXGroup;
			children = (
				845A29811D41C9AD00E0A355 /* SortProductViewController.swift */,
			);
			name = PageSort;
			sourceTree = "<group>";
		};
		845A29861D41D2B300E0A355 /* PageRating */ = {
			isa = PBXGroup;
			children = (
				845A29841D41D11100E0A355 /* PageRatingViewController.swift */,
			);
			name = PageRating;
			sourceTree = "<group>";
		};
		845A29891D41D32A00E0A355 /* PageCategory */ = {
			isa = PBXGroup;
			children = (
				845A29871D41D2C500E0A355 /* PageCategoryViewController.swift */,
			);
			name = PageCategory;
			sourceTree = "<group>";
		};
		845A298C1D41D38500E0A355 /* PageSubCategory */ = {
			isa = PBXGroup;
			children = (
				845A298A1D41D33E00E0A355 /* PageSubCategoryViewController.swift */,
			);
			name = PageSubCategory;
			sourceTree = "<group>";
		};
		846758E91D3C853900EBEE50 = {
			isa = PBXGroup;
			children = (
				846759071D3C857400EBEE50 /* Podfile */,
				846758F41D3C853900EBEE50 /* Page1ProductB1 */,
				846758F31D3C853900EBEE50 /* Products */,
				C21DFB2A58EA2999AF1B7C51 /* Pods */,
				D0AA69724FD68683D2F973A4 /* Frameworks */,
			);
			sourceTree = "<group>";
		};
		846758F31D3C853900EBEE50 /* Products */ = {
			isa = PBXGroup;
			children = (
				846758F21D3C853900EBEE50 /* Page1ProductB1.app */,
			);
			name = Products;
			sourceTree = "<group>";
		};
		846758F41D3C853900EBEE50 /* Page1ProductB1 */ = {
			isa = PBXGroup;
			children = (
				846758F51D3C853900EBEE50 /* AppDelegate.swift */,
				846759131D3C8B4A00EBEE50 /* Page1 */,
				846758F91D3C853900EBEE50 /* Main.storyboard */,
				845A298C1D41D38500E0A355 /* PageSubCategory */,
				845A29891D41D32A00E0A355 /* PageCategory */,
				845A29861D41D2B300E0A355 /* PageRating */,
				845A29831D41D0ED00E0A355 /* PageSort */,
				846EC6D71D3F7BBF00762E83 /* PageFilter */,
				846EC6D41D3F770C00762E83 /* PageProductAll */,
				846EC6D11D3F4B2D00762E83 /* PageWriteReview */,
				846EC6C81D3F3E6400762E83 /* PageReview */,
				846EC6C31D3F2EE200762E83 /* PageWebView */,
				846EC6C01D3F2BDD00762E83 /* PageOption */,
				8467592A1D3C9FF100EBEE50 /* PageDetail */,
				846758FC1D3C853900EBEE50 /* Assets.xcassets */,
				846758FE1D3C853900EBEE50 /* LaunchScreen.storyboard */,
				846759011D3C853900EBEE50 /* Info.plist */,
				848065D71D4B0CA400E9A3CD /* Page1Product.swift */,
				847451E31D509D86003B85C5 /* Page1Category.swift */,
				846759111D3C89C500EBEE50 /* DummyData.swift */,
				845A29B11D42178F00E0A355 /* ProductsGridFlowLayout.swift */,
				845A29B31D42179A00E0A355 /* ProductsListFlowLayout.swift */,
				846EC6B91D3F2A8A00762E83 /* Icon */,
			);
			path = Page1ProductB1;
			sourceTree = "<group>";
		};
		846759131D3C8B4A00EBEE50 /* Page1 */ = {
			isa = PBXGroup;
			children = (
				846758F71D3C853900EBEE50 /* ViewController.swift */,
				8467590F1D3C891E00EBEE50 /* Page1Cell0TableViewCell.swift */,
				8467590D1D3C891400EBEE50 /* Page1Cell0CollectionViewCell.swift */,
				84048BFB1D4358D100C3CE03 /* Page1Cell1TableViewCell.swift */,
				84048BFD1D4358DD00C3CE03 /* Page1Cell1CollectionViewCell.swift */,
				84048BFF1D4358E800C3CE03 /* Page1Cell2TableViewCell.swift */,
				84048C011D4358F900C3CE03 /* Page1Cell2CollectionViewCell.swift */,
			);
			name = Page1;
			sourceTree = "<group>";
		};
		8467592A1D3C9FF100EBEE50 /* PageDetail */ = {
			isa = PBXGroup;
			children = (
				841A20E61D3CBC51001F437B /* Cell6 */,
				841A20E71D3CBC5A001F437B /* Cell5 */,
				841A20E91D3CBC8C001F437B /* Cell4 */,
				841A20EA1D3CBC9C001F437B /* Cell3 */,
				841A20EB1D3CBCA3001F437B /* Cell2 */,
				841A20EC1D3CBCAE001F437B /* Cell1 */,
				841A20ED1D3CBCB5001F437B /* Cell0 */,
				846759141D3C8B5F00EBEE50 /* PageDetailViewController.swift */,
			);
			name = PageDetail;
			sourceTree = "<group>";
		};
		846EC6B91D3F2A8A00762E83 /* Icon */ = {
			isa = PBXGroup;
			children = (
				845A298D1D41D5EA00E0A355 /* star.png */,
				846EC6CD1D3F440200762E83 /* emptyStar.png */,
				846EC6CF1D3F440900762E83 /* filledStar.png */,
				841A20F41D3CD71B001F437B /* ellipsis.png */,
				846759161D3C8C6F00EBEE50 /* star0.png */,
			);
			name = Icon;
			sourceTree = "<group>";
		};
		846EC6C01D3F2BDD00762E83 /* PageOption */ = {
			isa = PBXGroup;
			children = (
				841A20FA1D3CDCD8001F437B /* PageOptionColorViewController.swift */,
				841A20F81D3CDBBB001F437B /* PageOptionCell0TableViewCell.swift */,
				841A20F61D3CD962001F437B /* PageOptionViewController.swift */,
			);
			name = PageOption;
			sourceTree = "<group>";
		};
		846EC6C31D3F2EE200762E83 /* PageWebView */ = {
			isa = PBXGroup;
			children = (
				846EC6C11D3F2C0300762E83 /* PageWebViewViewController.swift */,
			);
			name = PageWebView;
			sourceTree = "<group>";
		};
		846EC6C81D3F3E6400762E83 /* PageReview */ = {
			isa = PBXGroup;
			children = (
				846EC6C61D3F306000762E83 /* PageReviewCell0TableViewCell.swift */,
				846EC6C41D3F2EF000762E83 /* PageReviewViewController.swift */,
			);
			name = PageReview;
			sourceTree = "<group>";
		};
		846EC6D11D3F4B2D00762E83 /* PageWriteReview */ = {
			isa = PBXGroup;
			children = (
				846EC6CB1D3F41C200762E83 /* PageWriteReviewCell0TableViewCell.swift */,
				846EC6C91D3F41AB00762E83 /* PageWriteReviewViewController.swift */,
			);
			name = PageWriteReview;
			sourceTree = "<group>";
		};
		846EC6D41D3F770C00762E83 /* PageProductAll */ = {
			isa = PBXGroup;
			children = (
				846EC6D21D3F4B6F00762E83 /* PageProductAllViewController.swift */,
				846EC6D81D3F7CEE00762E83 /* PageProductAllCell0CollectionViewCell.swift */,
			);
			name = PageProductAll;
			sourceTree = "<group>";
		};
		846EC6D71D3F7BBF00762E83 /* PageFilter */ = {
			isa = PBXGroup;
			children = (
				846EC6D51D3F7BAB00762E83 /* PageFilterProductViewController.swift */,
				8483F58A1D5591F3008640FF /* PageFilterProductCell3TableViewCell.swift */,
			);
			name = PageFilter;
			sourceTree = "<group>";
		};
		C21DFB2A58EA2999AF1B7C51 /* Pods */ = {
			isa = PBXGroup;
			children = (
				AB848B3ACF1C0622EB47C137 /* Pods-Page1ProductB1.debug.xcconfig */,
				B5095C7BA4C653AB59B6DC02 /* Pods-Page1ProductB1.release.xcconfig */,
			);
			name = Pods;
			sourceTree = "<group>";
		};
		D0AA69724FD68683D2F973A4 /* Frameworks */ = {
			isa = PBXGroup;
			children = (
				F2C05E1D564D58DCEDF557B5 /* Pods_Page1ProductB1.framework */,
			);
			name = Frameworks;
			sourceTree = "<group>";
		};
/* End PBXGroup section */

/* Begin PBXNativeTarget section */
		846758F11D3C853900EBEE50 /* Page1ProductB1 */ = {
			isa = PBXNativeTarget;
			buildConfigurationList = 846759041D3C853900EBEE50 /* Build configuration list for PBXNativeTarget "Page1ProductB1" */;
			buildPhases = (
				79066517EEDD5BF7152A9B44 /* Check Pods Manifest.lock */,
				846758EE1D3C853900EBEE50 /* Sources */,
				846758EF1D3C853900EBEE50 /* Frameworks */,
				846758F01D3C853900EBEE50 /* Resources */,
				094F4FD0171693B3F2CBC72A /* Embed Pods Frameworks */,
				0D365DCC41936846FC6ADBB0 /* Copy Pods Resources */,
			);
			buildRules = (
			);
			dependencies = (
			);
			name = Page1ProductB1;
			productName = Page1ProductB1;
			productReference = 846758F21D3C853900EBEE50 /* Page1ProductB1.app */;
			productType = "com.apple.product-type.application";
		};
/* End PBXNativeTarget section */

/* Begin PBXProject section */
		846758EA1D3C853900EBEE50 /* Project object */ = {
			isa = PBXProject;
			attributes = {
				LastSwiftUpdateCheck = 0730;
				LastUpgradeCheck = 0730;
				ORGANIZATIONNAME = All2Sale;
				TargetAttributes = {
					846758F11D3C853900EBEE50 = {
						CreatedOnToolsVersion = 7.3.1;
						DevelopmentTeam = W6X8G863UY;
					};
				};
			};
			buildConfigurationList = 846758ED1D3C853900EBEE50 /* Build configuration list for PBXProject "Page1ProductB1" */;
			compatibilityVersion = "Xcode 3.2";
			developmentRegion = English;
			hasScannedForEncodings = 0;
			knownRegions = (
				en,
				Base,
			);
			mainGroup = 846758E91D3C853900EBEE50;
			productRefGroup = 846758F31D3C853900EBEE50 /* Products */;
			projectDirPath = "";
			projectRoot = "";
			targets = (
				846758F11D3C853900EBEE50 /* Page1ProductB1 */,
			);
		};
/* End PBXProject section */

/* Begin PBXResourcesBuildPhase section */
		846758F01D3C853900EBEE50 /* Resources */ = {
			isa = PBXResourcesBuildPhase;
			buildActionMask = 2147483647;
			files = (
				846759001D3C853900EBEE50 /* LaunchScreen.storyboard in Resources */,
				846758FD1D3C853900EBEE50 /* Assets.xcassets in Resources */,
				845A298E1D41D5EA00E0A355 /* star.png in Resources */,
				841A20F51D3CD71B001F437B /* ellipsis.png in Resources */,
				846EC6D01D3F440900762E83 /* filledStar.png in Resources */,
				846759081D3C857400EBEE50 /* Podfile in Resources */,
				846EC6CE1D3F440200762E83 /* emptyStar.png in Resources */,
				846759171D3C8C6F00EBEE50 /* star0.png in Resources */,
				846758FB1D3C853900EBEE50 /* Main.storyboard in Resources */,
			);
			runOnlyForDeploymentPostprocessing = 0;
		};
/* End PBXResourcesBuildPhase section */

/* Begin PBXShellScriptBuildPhase section */
		094F4FD0171693B3F2CBC72A /* Embed Pods Frameworks */ = {
			isa = PBXShellScriptBuildPhase;
			buildActionMask = 2147483647;
			files = (
			);
			inputPaths = (
			);
			name = "Embed Pods Frameworks";
			outputPaths = (
			);
			runOnlyForDeploymentPostprocessing = 0;
			shellPath = /bin/sh;
			shellScript = "\"${SRCROOT}/Pods/Target Support Files/Pods-Page1ProductB1/Pods-Page1ProductB1-frameworks.sh\"\n";
			showEnvVarsInLog = 0;
		};
		0D365DCC41936846FC6ADBB0 /* Copy Pods Resources */ = {
			isa = PBXShellScriptBuildPhase;
			buildActionMask = 2147483647;
			files = (
			);
			inputPaths = (
			);
			name = "Copy Pods Resources";
			outputPaths = (
			);
			runOnlyForDeploymentPostprocessing = 0;
			shellPath = /bin/sh;
			shellScript = "\"${SRCROOT}/Pods/Target Support Files/Pods-Page1ProductB1/Pods-Page1ProductB1-resources.sh\"\n";
			showEnvVarsInLog = 0;
		};
		79066517EEDD5BF7152A9B44 /* Check Pods Manifest.lock */ = {
			isa = PBXShellScriptBuildPhase;
			buildActionMask = 2147483647;
			files = (
			);
			inputPaths = (
			);
			name = "Check Pods Manifest.lock";
			outputPaths = (
			);
			runOnlyForDeploymentPostprocessing = 0;
			shellPath = /bin/sh;
			shellScript = "diff \"${PODS_ROOT}/../Podfile.lock\" \"${PODS_ROOT}/Manifest.lock\" > /dev/null\nif [[ $? != 0 ]] ; then\n    cat << EOM\nerror: The sandbox is not in sync with the Podfile.lock. Run 'pod install' or update your CocoaPods installation.\nEOM\n    exit 1\nfi\n";
			showEnvVarsInLog = 0;
		};
/* End PBXShellScriptBuildPhase section */

/* Begin PBXSourcesBuildPhase section */
		846758EE1D3C853900EBEE50 /* Sources */ = {
			isa = PBXSourcesBuildPhase;
			buildActionMask = 2147483647;
			files = (
				846EC6D61D3F7BAB00762E83 /* PageFilterProductViewController.swift in Sources */,
				846759151D3C8B5F00EBEE50 /* PageDetailViewController.swift in Sources */,
				846759231D3C962F00EBEE50 /* PageDetailCell4CollectionViewCell.swift in Sources */,
				846758F81D3C853900EBEE50 /* ViewController.swift in Sources */,
				8483F58B1D5591F3008640FF /* PageFilterProductCell3TableViewCell.swift in Sources */,
				84048BFC1D4358D100C3CE03 /* Page1Cell1TableViewCell.swift in Sources */,
				846EC6C51D3F2EF000762E83 /* PageReviewViewController.swift in Sources */,
				846759251D3C988600EBEE50 /* PageDetailCell5TableViewCell.swift in Sources */,
				84048BFE1D4358DD00C3CE03 /* Page1Cell1CollectionViewCell.swift in Sources */,
				845A29851D41D11100E0A355 /* PageRatingViewController.swift in Sources */,
				846759101D3C891E00EBEE50 /* Page1Cell0TableViewCell.swift in Sources */,
				846758F61D3C853900EBEE50 /* AppDelegate.swift in Sources */,
				846759211D3C952000EBEE50 /* PageDetailCell4TableViewCell.swift in Sources */,
				845A29B21D42178F00E0A355 /* ProductsGridFlowLayout.swift in Sources */,
				841A20F11D3CC07C001F437B /* PageDetailCell2Cell0TableViewCell.swift in Sources */,
				846759191D3C8D0F00EBEE50 /* PageDetailCell0TableViewCell.swift in Sources */,
				846759271D3C9B5700EBEE50 /* PageDetailCell6TableViewCell.swift in Sources */,
				84048C021D4358F900C3CE03 /* Page1Cell2CollectionViewCell.swift in Sources */,
				84048C001D4358E800C3CE03 /* Page1Cell2TableViewCell.swift in Sources */,
				841A20FB1D3CDCD8001F437B /* PageOptionColorViewController.swift in Sources */,
				8467591F1D3C943600EBEE50 /* PageDetailCell3TableViewCell.swift in Sources */,
				846759291D3C9B6600EBEE50 /* PageDetailCell6CollectionViewCell.swift in Sources */,
				8467591D1D3C932000EBEE50 /* PageDetailCell2TableViewCell.swift in Sources */,
				846EC6CC1D3F41C200762E83 /* PageWriteReviewCell0TableViewCell.swift in Sources */,
				845A298B1D41D33E00E0A355 /* PageSubCategoryViewController.swift in Sources */,
				8467591B1D3C8E5600EBEE50 /* PageDetailCell1TableViewCell.swift in Sources */,
				841A20F31D3CC3A9001F437B /* PageDetailCell3Cell0TableViewCell.swift in Sources */,
				847451E41D509D86003B85C5 /* Page1Category.swift in Sources */,
				846EC6C71D3F306000762E83 /* PageReviewCell0TableViewCell.swift in Sources */,
				845A29821D41C9AD00E0A355 /* SortProductViewController.swift in Sources */,
				848065D81D4B0CA400E9A3CD /* Page1Product.swift in Sources */,
				846EC6D91D3F7CEE00762E83 /* PageProductAllCell0CollectionViewCell.swift in Sources */,
				845A29B41D42179A00E0A355 /* ProductsListFlowLayout.swift in Sources */,
				845A29881D41D2C500E0A355 /* PageCategoryViewController.swift in Sources */,
				846759121D3C89C500EBEE50 /* DummyData.swift in Sources */,
				841A20F71D3CD962001F437B /* PageOptionViewController.swift in Sources */,
				846EC6C21D3F2C0300762E83 /* PageWebViewViewController.swift in Sources */,
				8467590E1D3C891400EBEE50 /* Page1Cell0CollectionViewCell.swift in Sources */,
				846EC6D31D3F4B6F00762E83 /* PageProductAllViewController.swift in Sources */,
				841A20F91D3CDBBB001F437B /* PageOptionCell0TableViewCell.swift in Sources */,
				846EC6CA1D3F41AB00762E83 /* PageWriteReviewViewController.swift in Sources */,
			);
			runOnlyForDeploymentPostprocessing = 0;
		};
/* End PBXSourcesBuildPhase section */

/* Begin PBXVariantGroup section */
		846758F91D3C853900EBEE50 /* Main.storyboard */ = {
			isa = PBXVariantGroup;
			children = (
				846758FA1D3C853900EBEE50 /* Base */,
			);
			name = Main.storyboard;
			sourceTree = "<group>";
		};
		846758FE1D3C853900EBEE50 /* LaunchScreen.storyboard */ = {
			isa = PBXVariantGroup;
			children = (
				846758FF1D3C853900EBEE50 /* Base */,
			);
			name = LaunchScreen.storyboard;
			sourceTree = "<group>";
		};
/* End PBXVariantGroup section */

/* Begin XCBuildConfiguration section */
		846759021D3C853900EBEE50 /* Debug */ = {
			isa = XCBuildConfiguration;
			buildSettings = {
				ALWAYS_SEARCH_USER_PATHS = NO;
				CLANG_ANALYZER_NONNULL = YES;
				CLANG_CXX_LANGUAGE_STANDARD = "gnu++0x";
				CLANG_CXX_LIBRARY = "libc++";
				CLANG_ENABLE_MODULES = YES;
				CLANG_ENABLE_OBJC_ARC = YES;
				CLANG_WARN_BOOL_CONVERSION = YES;
				CLANG_WARN_CONSTANT_CONVERSION = YES;
				CLANG_WARN_DIRECT_OBJC_ISA_USAGE = YES_ERROR;
				CLANG_WARN_EMPTY_BODY = YES;
				CLANG_WARN_ENUM_CONVERSION = YES;
				CLANG_WARN_INT_CONVERSION = YES;
				CLANG_WARN_OBJC_ROOT_CLASS = YES_ERROR;
				CLANG_WARN_UNREACHABLE_CODE = YES;
				CLANG_WARN__DUPLICATE_METHOD_MATCH = YES;
				"CODE_SIGN_IDENTITY[sdk=iphoneos*]" = "iPhone Developer";
				COPY_PHASE_STRIP = NO;
				DEBUG_INFORMATION_FORMAT = dwarf;
				ENABLE_STRICT_OBJC_MSGSEND = YES;
				ENABLE_TESTABILITY = YES;
				GCC_C_LANGUAGE_STANDARD = gnu99;
				GCC_DYNAMIC_NO_PIC = NO;
				GCC_NO_COMMON_BLOCKS = YES;
				GCC_OPTIMIZATION_LEVEL = 0;
				GCC_PREPROCESSOR_DEFINITIONS = (
					"DEBUG=1",
					"$(inherited)",
				);
				GCC_WARN_64_TO_32_BIT_CONVERSION = YES;
				GCC_WARN_ABOUT_RETURN_TYPE = YES_ERROR;
				GCC_WARN_UNDECLARED_SELECTOR = YES;
				GCC_WARN_UNINITIALIZED_AUTOS = YES_AGGRESSIVE;
				GCC_WARN_UNUSED_FUNCTION = YES;
				GCC_WARN_UNUSED_VARIABLE = YES;
				IPHONEOS_DEPLOYMENT_TARGET = 9.3;
				MTL_ENABLE_DEBUG_INFO = YES;
				ONLY_ACTIVE_ARCH = YES;
				SDKROOT = iphoneos;
				SWIFT_OPTIMIZATION_LEVEL = "-Onone";
			};
			name = Debug;
		};
		846759031D3C853900EBEE50 /* Release */ = {
			isa = XCBuildConfiguration;
			buildSettings = {
				ALWAYS_SEARCH_USER_PATHS = NO;
				CLANG_ANALYZER_NONNULL = YES;
				CLANG_CXX_LANGUAGE_STANDARD = "gnu++0x";
				CLANG_CXX_LIBRARY = "libc++";
				CLANG_ENABLE_MODULES = YES;
				CLANG_ENABLE_OBJC_ARC = YES;
				CLANG_WARN_BOOL_CONVERSION = YES;
				CLANG_WARN_CONSTANT_CONVERSION = YES;
				CLANG_WARN_DIRECT_OBJC_ISA_USAGE = YES_ERROR;
				CLANG_WARN_EMPTY_BODY = YES;
				CLANG_WARN_ENUM_CONVERSION = YES;
				CLANG_WARN_INT_CONVERSION = YES;
				CLANG_WARN_OBJC_ROOT_CLASS = YES_ERROR;
				CLANG_WARN_UNREACHABLE_CODE = YES;
				CLANG_WARN__DUPLICATE_METHOD_MATCH = YES;
				"CODE_SIGN_IDENTITY[sdk=iphoneos*]" = "iPhone Developer";
				COPY_PHASE_STRIP = NO;
				DEBUG_INFORMATION_FORMAT = "dwarf-with-dsym";
				ENABLE_NS_ASSERTIONS = NO;
				ENABLE_STRICT_OBJC_MSGSEND = YES;
				GCC_C_LANGUAGE_STANDARD = gnu99;
				GCC_NO_COMMON_BLOCKS = YES;
				GCC_WARN_64_TO_32_BIT_CONVERSION = YES;
				GCC_WARN_ABOUT_RETURN_TYPE = YES_ERROR;
				GCC_WARN_UNDECLARED_SELECTOR = YES;
				GCC_WARN_UNINITIALIZED_AUTOS = YES_AGGRESSIVE;
				GCC_WARN_UNUSED_FUNCTION = YES;
				GCC_WARN_UNUSED_VARIABLE = YES;
				IPHONEOS_DEPLOYMENT_TARGET = 9.3;
				MTL_ENABLE_DEBUG_INFO = NO;
				SDKROOT = iphoneos;
				VALIDATE_PRODUCT = YES;
			};
			name = Release;
		};
		846759051D3C853900EBEE50 /* Debug */ = {
			isa = XCBuildConfiguration;
			baseConfigurationReference = AB848B3ACF1C0622EB47C137 /* Pods-Page1ProductB1.debug.xcconfig */;
			buildSettings = {
				ASSETCATALOG_COMPILER_APPICON_NAME = AppIcon;
				CODE_SIGN_IDENTITY = "iPhone Developer";
				"CODE_SIGN_IDENTITY[sdk=iphoneos*]" = "iPhone Developer";
				INFOPLIST_FILE = Page1ProductB1/Info.plist;
				LD_RUNPATH_SEARCH_PATHS = "$(inherited) @executable_path/Frameworks";
				PRODUCT_BUNDLE_IDENTIFIER = com.all2sale.Page1ProductB1;
				PRODUCT_NAME = "$(TARGET_NAME)";
				PROVISIONING_PROFILE = "";
			};
			name = Debug;
		};
		846759061D3C853900EBEE50 /* Release */ = {
			isa = XCBuildConfiguration;
			baseConfigurationReference = B5095C7BA4C653AB59B6DC02 /* Pods-Page1ProductB1.release.xcconfig */;
			buildSettings = {
				ASSETCATALOG_COMPILER_APPICON_NAME = AppIcon;
				CODE_SIGN_IDENTITY = "iPhone Developer";
				"CODE_SIGN_IDENTITY[sdk=iphoneos*]" = "iPhone Developer";
				INFOPLIST_FILE = Page1ProductB1/Info.plist;
				LD_RUNPATH_SEARCH_PATHS = "$(inherited) @executable_path/Frameworks";
				PRODUCT_BUNDLE_IDENTIFIER = com.all2sale.Page1ProductB1;
				PRODUCT_NAME = "$(TARGET_NAME)";
				PROVISIONING_PROFILE = "";
			};
			name = Release;
		};
/* End XCBuildConfiguration section */

/* Begin XCConfigurationList section */
		846758ED1D3C853900EBEE50 /* Build configuration list for PBXProject "Page1ProductB1" */ = {
			isa = XCConfigurationList;
			buildConfigurations = (
				846759021D3C853900EBEE50 /* Debug */,
				846759031D3C853900EBEE50 /* Release */,
			);
			defaultConfigurationIsVisible = 0;
			defaultConfigurationName = Release;
		};
		846759041D3C853900EBEE50 /* Build configuration list for PBXNativeTarget "Page1ProductB1" */ = {
			isa = XCConfigurationList;
			buildConfigurations = (
				846759051D3C853900EBEE50 /* Debug */,
				846759061D3C853900EBEE50 /* Release */,
			);
			defaultConfigurationIsVisible = 0;
			defaultConfigurationName = Release;
		};
/* End XCConfigurationList section */
	};
	rootObject = 846758EA1D3C853900EBEE50 /* Project object */;
}
